
Microsoft Visual Studio Solution File, Format Version 11.00
# Visual Studio 2010
# SharpDevelop 4.4
Project("{FAE04EC0-301F-11D3-BF4B-00C04F79EFBC}") = "Adapter", "Adapter\Adapter.csproj", "{B640059E-6700-4AB7-8934-0B2CC3F6B8E5}"
EndProject
Global
	GlobalSection(SolutionConfigurationPlatforms) = preSolution
		Debug|Any CPU = Debug|Any CPU
		Release|Any CPU = Release|Any CPU
	EndGlobalSection
	GlobalSection(ProjectConfigurationPlatforms) = postSolution
		{B640059E-6700-4AB7-8934-0B2CC3F6B8E5}.Debug|Any CPU.Build.0 = Debug|Any CPU
		{B640059E-6700-4AB7-8934-0B2CC3F6B8E5}.Debug|Any CPU.ActiveCfg = Debug|Any CPU
		{B640059E-6700-4AB7-8934-0B2CC3F6B8E5}.Release|Any CPU.Build.0 = Release|Any CPU
		{B640059E-6700-4AB7-8934-0B2CC3F6B8E5}.Release|Any CPU.ActiveCfg = Release|Any CPU
	EndGlobalSection
EndGlobal
